
Microsoft Visual Studio Solution File, Format Version 12.00
# Visual Studio Version 17
VisualStudioVersion = 17.2.32630.192
MinimumVisualStudioVersion = 10.0.40219.1
Project("{FAE04EC0-301F-11D3-BF4B-00C04F79EFBC}") = "ДЗ 2.2", "ДЗ 2.2\ДЗ 2.2.csproj", "{7BE7C68A-0583-4410-BC35-2FA1E04B8AC9}"
EndProject
Global
	GlobalSection(SolutionConfigurationPlatforms) = preSolution
		Debug|Any CPU = Debug|Any CPU
		Release|Any CPU = Release|Any CPU
	EndGlobalSection
	GlobalSection(ProjectConfigurationPlatforms) = postSolution
		{7BE7C68A-0583-4410-BC35-2FA1E04B8AC9}.Debug|Any CPU.ActiveCfg = Debug|Any CPU
		{7BE7C68A-0583-4410-BC35-2FA1E04B8AC9}.Debug|Any CPU.Build.0 = Debug|Any CPU
		{7BE7C68A-0583-4410-BC35-2FA1E04B8AC9}.Release|Any CPU.ActiveCfg = Release|Any CPU
		{7BE7C68A-0583-4410-BC35-2FA1E04B8AC9}.Release|Any CPU.Build.0 = Release|Any CPU
	EndGlobalSection
	GlobalSection(SolutionProperties) = preSolution
		HideSolutionNode = FALSE
	EndGlobalSection
	GlobalSection(ExtensibilityGlobals) = postSolution
		SolutionGuid = {DEE4334D-880F-4745-B5FB-6A638263A5C5}
	EndGlobalSection
EndGlobal
